// !$*UTF8*$!
{
	archiveVersion = 1;
	classes = {
	};
	objectVersion = 46;
	objects = {

/* Begin PBXBuildFile section */
		1ED40AD41E81A18500E62E1B /* LevelNetworker.swift in Sources */ = {isa = PBXBuildFile; fileRef = 1ED40AD31E81A18500E62E1B /* LevelNetworker.swift */; };
		6611C9231EAAEA5D00A2E7C5 /* VictoryView.swift in Sources */ = {isa = PBXBuildFile; fileRef = 6611C9221EAAEA5C00A2E7C5 /* VictoryView.swift */; };
		6611C9251EAFA04200A2E7C5 /* checkmark.png in Resources */ = {isa = PBXBuildFile; fileRef = 6611C9241EAFA04200A2E7C5 /* checkmark.png */; };
		669189331E957ACB0099A497 /* refresh.png in Resources */ = {isa = PBXBuildFile; fileRef = 669189321E957ACB0099A497 /* refresh.png */; };
		669189351E9585B50099A497 /* Sandcastle.png in Resources */ = {isa = PBXBuildFile; fileRef = 669189341E9585B50099A497 /* Sandcastle.png */; };
		669189371E959AB50099A497 /* Mountains 01.png in Resources */ = {isa = PBXBuildFile; fileRef = 669189361E959AB50099A497 /* Mountains 01.png */; };
		669189391E95DD150099A497 /* Sandcastle 02.png in Resources */ = {isa = PBXBuildFile; fileRef = 669189381E95DD150099A497 /* Sandcastle 02.png */; };
		669189461E96EFA70099A497 /* ResultController.swift in Sources */ = {isa = PBXBuildFile; fileRef = 669189451E96EFA70099A497 /* ResultController.swift */; };
		6691894E1E9748240099A497 /* ResultsTable.swift in Sources */ = {isa = PBXBuildFile; fileRef = 6691894D1E9748240099A497 /* ResultsTable.swift */; };
		669189501E9816810099A497 /* UserController.swift in Sources */ = {isa = PBXBuildFile; fileRef = 6691894F1E9816810099A497 /* UserController.swift */; };
		669189541E9853440099A497 /* sandcastle 03.png in Resources */ = {isa = PBXBuildFile; fileRef = 669189531E9853440099A497 /* sandcastle 03.png */; };
		669189581E9855480099A497 /* cross.png in Resources */ = {isa = PBXBuildFile; fileRef = 669189571E9855480099A497 /* cross.png */; };
		6691895C1E9867BD0099A497 /* Boards.swift in Sources */ = {isa = PBXBuildFile; fileRef = 6691895B1E9867BD0099A497 /* Boards.swift */; };
		66B5F0081E82DBE000F96770 /* GameModel.swift in Sources */ = {isa = PBXBuildFile; fileRef = 66B5F0071E82DBE000F96770 /* GameModel.swift */; };
		B61C692E1E71FD5600E68150 /* Mountains.png in Resources */ = {isa = PBXBuildFile; fileRef = B61C692D1E71FD5600E68150 /* Mountains.png */; };
		B61C69301E71FD5E00E68150 /* Sandcastle 01.png in Resources */ = {isa = PBXBuildFile; fileRef = B61C692F1E71FD5E00E68150 /* Sandcastle 01.png */; };
		B61C69371E74AA6F00E68150 /* AWSCore.framework in Frameworks */ = {isa = PBXBuildFile; fileRef = B61C69351E74AA6F00E68150 /* AWSCore.framework */; };
		B61C69381E74AA6F00E68150 /* AWSCore.framework in Embed Frameworks */ = {isa = PBXBuildFile; fileRef = B61C69351E74AA6F00E68150 /* AWSCore.framework */; settings = {ATTRIBUTES = (CodeSignOnCopy, RemoveHeadersOnCopy, ); }; };
		B61C69391E74AA6F00E68150 /* AWSDynamoDB.framework in Frameworks */ = {isa = PBXBuildFile; fileRef = B61C69361E74AA6F00E68150 /* AWSDynamoDB.framework */; };
		B61C693A1E74AA6F00E68150 /* AWSDynamoDB.framework in Embed Frameworks */ = {isa = PBXBuildFile; fileRef = B61C69361E74AA6F00E68150 /* AWSDynamoDB.framework */; settings = {ATTRIBUTES = (CodeSignOnCopy, RemoveHeadersOnCopy, ); }; };
		B61C69421E74ADB900E68150 /* libz.tbd in Frameworks */ = {isa = PBXBuildFile; fileRef = B61C69411E74ADB900E68150 /* libz.tbd */; };
		B61C69441E74ADCE00E68150 /* libsqlite3.tbd in Frameworks */ = {isa = PBXBuildFile; fileRef = B61C69431E74ADCE00E68150 /* libsqlite3.tbd */; };
		B61C69461E74B44F00E68150 /* AWSMobileClient.swift in Sources */ = {isa = PBXBuildFile; fileRef = B61C69451E74B44F00E68150 /* AWSMobileClient.swift */; };
		B61C69481E74B45500E68150 /* AWSMobileHubHelper.framework in Frameworks */ = {isa = PBXBuildFile; fileRef = B61C69471E74B45500E68150 /* AWSMobileHubHelper.framework */; };
		B61C694A1E74B45B00E68150 /* Models in Resources */ = {isa = PBXBuildFile; fileRef = B61C69491E74B45B00E68150 /* Models */; };
		B61F47891E6B8D2000A48CA4 /* AppIcon.appiconset in Resources */ = {isa = PBXBuildFile; fileRef = B61F47881E6B8D2000A48CA4 /* AppIcon.appiconset */; };
		B61F478D1E6E5F6E00A48CA4 /* Coin Icon 01.png in Resources */ = {isa = PBXBuildFile; fileRef = B61F478C1E6E5F6E00A48CA4 /* Coin Icon 01.png */; };
		B61F478F1E6E5F7C00A48CA4 /* Water.png in Resources */ = {isa = PBXBuildFile; fileRef = B61F478E1E6E5F7C00A48CA4 /* Water.png */; };
		B61F47911E6E5F8100A48CA4 /* Piggy Bank 01.png in Resources */ = {isa = PBXBuildFile; fileRef = B61F47901E6E5F8100A48CA4 /* Piggy Bank 01.png */; };
		B62426721E5124B200CEEF08 /* NextPieceView.swift in Sources */ = {isa = PBXBuildFile; fileRef = B62426711E5124B200CEEF08 /* NextPieceView.swift */; };
		B64CB4F91E04A34C005A7781 /* AppDelegate.swift in Sources */ = {isa = PBXBuildFile; fileRef = B64CB4F81E04A34C005A7781 /* AppDelegate.swift */; };
		B64CB4FB1E04A34C005A7781 /* ViewController.swift in Sources */ = {isa = PBXBuildFile; fileRef = B64CB4FA1E04A34C005A7781 /* ViewController.swift */; };
		B64CB4FE1E04A34C005A7781 /* Main.storyboard in Resources */ = {isa = PBXBuildFile; fileRef = B64CB4FC1E04A34C005A7781 /* Main.storyboard */; };
		B64CB5001E04A34C005A7781 /* Assets.xcassets in Resources */ = {isa = PBXBuildFile; fileRef = B64CB4FF1E04A34C005A7781 /* Assets.xcassets */; };
		B64CB5031E04A34C005A7781 /* LaunchScreen.storyboard in Resources */ = {isa = PBXBuildFile; fileRef = B64CB5011E04A34C005A7781 /* LaunchScreen.storyboard */; };
		B64CB50B1E04A634005A7781 /* Piece.swift in Sources */ = {isa = PBXBuildFile; fileRef = B64CB50A1E04A634005A7781 /* Piece.swift */; };
		B64CB50D1E04B7EC005A7781 /* Board.swift in Sources */ = {isa = PBXBuildFile; fileRef = B64CB50C1E04B7EC005A7781 /* Board.swift */; };
		B6517A821E5101CE00EB9879 /* bank-icon-120.png in Resources */ = {isa = PBXBuildFile; fileRef = B6517A811E5101CE00EB9879 /* bank-icon-120.png */; };
		B6517A841E5101D900EB9879 /* bank-icon-180.png in Resources */ = {isa = PBXBuildFile; fileRef = B6517A831E5101D900EB9879 /* bank-icon-180.png */; };
		B66C18661E6FC8EF00CD0498 /* mountain.png in Resources */ = {isa = PBXBuildFile; fileRef = B66C18651E6FC8EF00CD0498 /* mountain.png */; };
		B66C18681E6FCA2500CD0498 /* mountain2.png in Resources */ = {isa = PBXBuildFile; fileRef = B66C18671E6FCA2500CD0498 /* mountain2.png */; };
		B66C186A1E70843500CD0498 /* menu-icon25.png in Resources */ = {isa = PBXBuildFile; fileRef = B66C18691E70843500CD0498 /* menu-icon25.png */; };
		B674460F1E0D1CB0001A3529 /* GameView.swift in Sources */ = {isa = PBXBuildFile; fileRef = B674460E1E0D1CB0001A3529 /* GameView.swift */; };
		B67446111E0D1D5E001A3529 /* PieceView.swift in Sources */ = {isa = PBXBuildFile; fileRef = B67446101E0D1D5E001A3529 /* PieceView.swift */; };
		B67446271E11F0D9001A3529 /* LevelMenuController.swift in Sources */ = {isa = PBXBuildFile; fileRef = B67446261E11F0D9001A3529 /* LevelMenuController.swift */; };
		B67446291E135762001A3529 /* BoardView.swift in Sources */ = {isa = PBXBuildFile; fileRef = B67446281E135762001A3529 /* BoardView.swift */; };
		B674462B1E135E1D001A3529 /* EditGameView.swift in Sources */ = {isa = PBXBuildFile; fileRef = B674462A1E135E1D001A3529 /* EditGameView.swift */; };
		B674462D1E145133001A3529 /* EditGameViewController.swift in Sources */ = {isa = PBXBuildFile; fileRef = B674462C1E145133001A3529 /* EditGameViewController.swift */; };
		B685361E1E1C982700A401B6 /* RemainingPiecesView.swift in Sources */ = {isa = PBXBuildFile; fileRef = B685361D1E1C982700A401B6 /* RemainingPiecesView.swift */; };
/* End PBXBuildFile section */

/* Begin PBXCopyFilesBuildPhase section */
		B61C693B1E74AA6F00E68150 /* Embed Frameworks */ = {
			isa = PBXCopyFilesBuildPhase;
			buildActionMask = 2147483647;
			dstPath = "";
			dstSubfolderSpec = 10;
			files = (
				B61C693A1E74AA6F00E68150 /* AWSDynamoDB.framework in Embed Frameworks */,
				B61C69381E74AA6F00E68150 /* AWSCore.framework in Embed Frameworks */,
			);
			name = "Embed Frameworks";
			runOnlyForDeploymentPostprocessing = 0;
		};
/* End PBXCopyFilesBuildPhase section */

/* Begin PBXFileReference section */
		1ED40AD31E81A18500E62E1B /* LevelNetworker.swift */ = {isa = PBXFileReference; fileEncoding = 4; lastKnownFileType = sourcecode.swift; path = LevelNetworker.swift; sourceTree = "<group>"; };
		6611C9221EAAEA5C00A2E7C5 /* VictoryView.swift */ = {isa = PBXFileReference; fileEncoding = 4; lastKnownFileType = sourcecode.swift; path = VictoryView.swift; sourceTree = "<group>"; };
		6611C9241EAFA04200A2E7C5 /* checkmark.png */ = {isa = PBXFileReference; lastKnownFileType = image.png; path = checkmark.png; sourceTree = "<group>"; };
		669189321E957ACB0099A497 /* refresh.png */ = {isa = PBXFileReference; lastKnownFileType = image.png; path = refresh.png; sourceTree = "<group>"; };
		669189341E9585B50099A497 /* Sandcastle.png */ = {isa = PBXFileReference; lastKnownFileType = image.png; path = Sandcastle.png; sourceTree = "<group>"; };
		669189361E959AB50099A497 /* Mountains 01.png */ = {isa = PBXFileReference; lastKnownFileType = image.png; path = "Mountains 01.png"; sourceTree = "<group>"; };
		669189381E95DD150099A497 /* Sandcastle 02.png */ = {isa = PBXFileReference; lastKnownFileType = image.png; path = "Sandcastle 02.png"; sourceTree = "<group>"; };
		669189451E96EFA70099A497 /* ResultController.swift */ = {isa = PBXFileReference; fileEncoding = 4; lastKnownFileType = sourcecode.swift; path = ResultController.swift; sourceTree = "<group>"; };
		6691894D1E9748240099A497 /* ResultsTable.swift */ = {isa = PBXFileReference; fileEncoding = 4; lastKnownFileType = sourcecode.swift; path = ResultsTable.swift; sourceTree = "<group>"; };
		6691894F1E9816810099A497 /* UserController.swift */ = {isa = PBXFileReference; fileEncoding = 4; lastKnownFileType = sourcecode.swift; path = UserController.swift; sourceTree = "<group>"; };
		669189531E9853440099A497 /* sandcastle 03.png */ = {isa = PBXFileReference; lastKnownFileType = image.png; path = "sandcastle 03.png"; sourceTree = "<group>"; };
		669189571E9855480099A497 /* cross.png */ = {isa = PBXFileReference; lastKnownFileType = image.png; path = cross.png; sourceTree = "<group>"; };
		6691895B1E9867BD0099A497 /* Boards.swift */ = {isa = PBXFileReference; fileEncoding = 4; lastKnownFileType = sourcecode.swift; path = Boards.swift; sourceTree = "<group>"; };
		66B5F0071E82DBE000F96770 /* GameModel.swift */ = {isa = PBXFileReference; fileEncoding = 4; lastKnownFileType = sourcecode.swift; path = GameModel.swift; sourceTree = "<group>"; };
		B61C692D1E71FD5600E68150 /* Mountains.png */ = {isa = PBXFileReference; lastKnownFileType = image.png; path = Mountains.png; sourceTree = "<group>"; };
		B61C692F1E71FD5E00E68150 /* Sandcastle 01.png */ = {isa = PBXFileReference; lastKnownFileType = image.png; path = "Sandcastle 01.png"; sourceTree = "<group>"; };
		B61C69331E74A97600E68150 /* Bank23-integration-lib-aws-my-sample-app-ios-swift */ = {isa = PBXFileReference; lastKnownFileType = folder; path = "Bank23-integration-lib-aws-my-sample-app-ios-swift"; sourceTree = SOURCE_ROOT; };
		B61C69351E74AA6F00E68150 /* AWSCore.framework */ = {isa = PBXFileReference; lastKnownFileType = wrapper.framework; name = AWSCore.framework; path = "Bank23-integration-lib-aws-my-sample-app-ios-swift/Sdk/Aws/AWSCore.framework"; sourceTree = "<group>"; };
		B61C69361E74AA6F00E68150 /* AWSDynamoDB.framework */ = {isa = PBXFileReference; lastKnownFileType = wrapper.framework; name = AWSDynamoDB.framework; path = "Bank23-integration-lib-aws-my-sample-app-ios-swift/Sdk/Aws/AWSDynamoDB.framework"; sourceTree = "<group>"; };
		B61C693E1E74AC9200E68150 /* AmazonAws */ = {isa = PBXFileReference; lastKnownFileType = folder; name = AmazonAws; path = "Bank23-integration-lib-aws-my-sample-app-ios-swift/AmazonAws"; sourceTree = "<group>"; };
		B61C69411E74ADB900E68150 /* libz.tbd */ = {isa = PBXFileReference; lastKnownFileType = "sourcecode.text-based-dylib-definition"; name = libz.tbd; path = usr/lib/libz.tbd; sourceTree = SDKROOT; };
		B61C69431E74ADCE00E68150 /* libsqlite3.tbd */ = {isa = PBXFileReference; lastKnownFileType = "sourcecode.text-based-dylib-definition"; name = libsqlite3.tbd; path = usr/lib/libsqlite3.tbd; sourceTree = SDKROOT; };
		B61C69451E74B44F00E68150 /* AWSMobileClient.swift */ = {isa = PBXFileReference; fileEncoding = 4; lastKnownFileType = sourcecode.swift; name = AWSMobileClient.swift; path = "Bank23-integration-lib-aws-my-sample-app-ios-swift/AmazonAws/AWSMobileClient.swift"; sourceTree = "<group>"; };
		B61C69471E74B45500E68150 /* AWSMobileHubHelper.framework */ = {isa = PBXFileReference; lastKnownFileType = wrapper.framework; name = AWSMobileHubHelper.framework; path = "Bank23-integration-lib-aws-my-sample-app-ios-swift/AmazonAws/AWSMobileHubHelper.framework"; sourceTree = "<group>"; };
		B61C69491E74B45B00E68150 /* Models */ = {isa = PBXFileReference; lastKnownFileType = folder; name = Models; path = "Bank23-integration-lib-aws-my-sample-app-ios-swift/AmazonAws/Models"; sourceTree = "<group>"; };
		B61F47881E6B8D2000A48CA4 /* AppIcon.appiconset */ = {isa = PBXFileReference; lastKnownFileType = folder; path = AppIcon.appiconset; sourceTree = "<group>"; };
		B61F478C1E6E5F6E00A48CA4 /* Coin Icon 01.png */ = {isa = PBXFileReference; lastKnownFileType = image.png; path = "Coin Icon 01.png"; sourceTree = "<group>"; };
		B61F478E1E6E5F7C00A48CA4 /* Water.png */ = {isa = PBXFileReference; lastKnownFileType = image.png; path = Water.png; sourceTree = "<group>"; };
		B61F47901E6E5F8100A48CA4 /* Piggy Bank 01.png */ = {isa = PBXFileReference; lastKnownFileType = image.png; path = "Piggy Bank 01.png"; sourceTree = "<group>"; };
		B62426711E5124B200CEEF08 /* NextPieceView.swift */ = {isa = PBXFileReference; fileEncoding = 4; lastKnownFileType = sourcecode.swift; path = NextPieceView.swift; sourceTree = "<group>"; };
		B64CB4F51E04A34C005A7781 /* Bank23.app */ = {isa = PBXFileReference; explicitFileType = wrapper.application; includeInIndex = 0; path = Bank23.app; sourceTree = BUILT_PRODUCTS_DIR; };
		B64CB4F81E04A34C005A7781 /* AppDelegate.swift */ = {isa = PBXFileReference; lastKnownFileType = sourcecode.swift; path = AppDelegate.swift; sourceTree = "<group>"; };
		B64CB4FA1E04A34C005A7781 /* ViewController.swift */ = {isa = PBXFileReference; lastKnownFileType = sourcecode.swift; path = ViewController.swift; sourceTree = "<group>"; };
		B64CB4FD1E04A34C005A7781 /* Base */ = {isa = PBXFileReference; lastKnownFileType = file.storyboard; name = Base; path = Base.lproj/Main.storyboard; sourceTree = "<group>"; };
		B64CB4FF1E04A34C005A7781 /* Assets.xcassets */ = {isa = PBXFileReference; lastKnownFileType = folder.assetcatalog; path = Assets.xcassets; sourceTree = "<group>"; };
		B64CB5021E04A34C005A7781 /* Base */ = {isa = PBXFileReference; lastKnownFileType = file.storyboard; name = Base; path = Base.lproj/LaunchScreen.storyboard; sourceTree = "<group>"; };
		B64CB5041E04A34C005A7781 /* Info.plist */ = {isa = PBXFileReference; lastKnownFileType = text.plist.xml; path = Info.plist; sourceTree = "<group>"; };
		B64CB50A1E04A634005A7781 /* Piece.swift */ = {isa = PBXFileReference; fileEncoding = 4; lastKnownFileType = sourcecode.swift; path = Piece.swift; sourceTree = "<group>"; };
		B64CB50C1E04B7EC005A7781 /* Board.swift */ = {isa = PBXFileReference; fileEncoding = 4; lastKnownFileType = sourcecode.swift; path = Board.swift; sourceTree = "<group>"; };
		B6517A811E5101CE00EB9879 /* bank-icon-120.png */ = {isa = PBXFileReference; lastKnownFileType = image.png; path = "bank-icon-120.png"; sourceTree = "<group>"; };
		B6517A831E5101D900EB9879 /* bank-icon-180.png */ = {isa = PBXFileReference; lastKnownFileType = image.png; path = "bank-icon-180.png"; sourceTree = "<group>"; };
		B66C18651E6FC8EF00CD0498 /* mountain.png */ = {isa = PBXFileReference; lastKnownFileType = image.png; path = mountain.png; sourceTree = "<group>"; };
		B66C18671E6FCA2500CD0498 /* mountain2.png */ = {isa = PBXFileReference; lastKnownFileType = image.png; path = mountain2.png; sourceTree = "<group>"; };
		B66C18691E70843500CD0498 /* menu-icon25.png */ = {isa = PBXFileReference; lastKnownFileType = image.png; path = "menu-icon25.png"; sourceTree = "<group>"; };
		B674460E1E0D1CB0001A3529 /* GameView.swift */ = {isa = PBXFileReference; fileEncoding = 4; lastKnownFileType = sourcecode.swift; path = GameView.swift; sourceTree = "<group>"; };
		B67446101E0D1D5E001A3529 /* PieceView.swift */ = {isa = PBXFileReference; fileEncoding = 4; lastKnownFileType = sourcecode.swift; path = PieceView.swift; sourceTree = "<group>"; };
		B67446261E11F0D9001A3529 /* LevelMenuController.swift */ = {isa = PBXFileReference; fileEncoding = 4; lastKnownFileType = sourcecode.swift; path = LevelMenuController.swift; sourceTree = "<group>"; };
		B67446281E135762001A3529 /* BoardView.swift */ = {isa = PBXFileReference; fileEncoding = 4; lastKnownFileType = sourcecode.swift; path = BoardView.swift; sourceTree = "<group>"; };
		B674462A1E135E1D001A3529 /* EditGameView.swift */ = {isa = PBXFileReference; fileEncoding = 4; lastKnownFileType = sourcecode.swift; path = EditGameView.swift; sourceTree = "<group>"; };
		B674462C1E145133001A3529 /* EditGameViewController.swift */ = {isa = PBXFileReference; fileEncoding = 4; lastKnownFileType = sourcecode.swift; path = EditGameViewController.swift; sourceTree = "<group>"; };
		B685361D1E1C982700A401B6 /* RemainingPiecesView.swift */ = {isa = PBXFileReference; fileEncoding = 4; lastKnownFileType = sourcecode.swift; path = RemainingPiecesView.swift; sourceTree = "<group>"; };
/* End PBXFileReference section */

/* Begin PBXFrameworksBuildPhase section */
		B64CB4F21E04A34C005A7781 /* Frameworks */ = {
			isa = PBXFrameworksBuildPhase;
			buildActionMask = 2147483647;
			files = (
				B61C69481E74B45500E68150 /* AWSMobileHubHelper.framework in Frameworks */,
				B61C69441E74ADCE00E68150 /* libsqlite3.tbd in Frameworks */,
				B61C69421E74ADB900E68150 /* libz.tbd in Frameworks */,
				B61C69391E74AA6F00E68150 /* AWSDynamoDB.framework in Frameworks */,
				B61C69371E74AA6F00E68150 /* AWSCore.framework in Frameworks */,
			);
			runOnlyForDeploymentPostprocessing = 0;
		};
/* End PBXFrameworksBuildPhase section */

/* Begin PBXGroup section */
		B61C693D1E74AC5100E68150 /* AmazonAws */ = {
			isa = PBXGroup;
			children = (
				B61C69471E74B45500E68150 /* AWSMobileHubHelper.framework */,
				B61C69451E74B44F00E68150 /* AWSMobileClient.swift */,
				B61C69491E74B45B00E68150 /* Models */,
				B61C693E1E74AC9200E68150 /* AmazonAws */,
			);
			name = AmazonAws;
			sourceTree = "<group>";
		};
		B61C69401E74ADB900E68150 /* Frameworks */ = {
			isa = PBXGroup;
			children = (
				B61C69431E74ADCE00E68150 /* libsqlite3.tbd */,
				B61C69411E74ADB900E68150 /* libz.tbd */,
			);
			name = Frameworks;
			sourceTree = "<group>";
		};
		B64CB4EC1E04A34C005A7781 = {
			isa = PBXGroup;
			children = (
				B61C69351E74AA6F00E68150 /* AWSCore.framework */,
				B61C69361E74AA6F00E68150 /* AWSDynamoDB.framework */,
				B64CB4F71E04A34C005A7781 /* Bank23 */,
				B61C693D1E74AC5100E68150 /* AmazonAws */,
				B64CB4F61E04A34C005A7781 /* Products */,
				B61F478E1E6E5F7C00A48CA4 /* Water.png */,
				669189381E95DD150099A497 /* Sandcastle 02.png */,
				669189341E9585B50099A497 /* Sandcastle.png */,
				669189321E957ACB0099A497 /* refresh.png */,
				669189361E959AB50099A497 /* Mountains 01.png */,
				B61F47901E6E5F8100A48CA4 /* Piggy Bank 01.png */,
				B61F478C1E6E5F6E00A48CA4 /* Coin Icon 01.png */,
				669189571E9855480099A497 /* cross.png */,
				669189531E9853440099A497 /* sandcastle 03.png */,
				6611C9241EAFA04200A2E7C5 /* checkmark.png */,
				B66C18651E6FC8EF00CD0498 /* mountain.png */,
				B61C692D1E71FD5600E68150 /* Mountains.png */,
				B66C18691E70843500CD0498 /* menu-icon25.png */,
				B61C692F1E71FD5E00E68150 /* Sandcastle 01.png */,
				B66C18671E6FCA2500CD0498 /* mountain2.png */,
				B61F47881E6B8D2000A48CA4 /* AppIcon.appiconset */,
				B6517A811E5101CE00EB9879 /* bank-icon-120.png */,
				B6517A831E5101D900EB9879 /* bank-icon-180.png */,
				B61C69401E74ADB900E68150 /* Frameworks */,
			);
			sourceTree = "<group>";
		};
		B64CB4F61E04A34C005A7781 /* Products */ = {
			isa = PBXGroup;
			children = (
				B64CB4F51E04A34C005A7781 /* Bank23.app */,
			);
			name = Products;
			sourceTree = "<group>";
		};
		B64CB4F71E04A34C005A7781 /* Bank23 */ = {
			isa = PBXGroup;
			children = (
				B64CB4F81E04A34C005A7781 /* AppDelegate.swift */,
				B64CB4FA1E04A34C005A7781 /* ViewController.swift */,
				B67446261E11F0D9001A3529 /* LevelMenuController.swift */,
				6691894F1E9816810099A497 /* UserController.swift */,
				66B5F0071E82DBE000F96770 /* GameModel.swift */,
				1ED40AD31E81A18500E62E1B /* LevelNetworker.swift */,
				669189451E96EFA70099A497 /* ResultController.swift */,
				B674462C1E145133001A3529 /* EditGameViewController.swift */,
				B64CB50A1E04A634005A7781 /* Piece.swift */,
				B64CB50C1E04B7EC005A7781 /* Board.swift */,
				B674460E1E0D1CB0001A3529 /* GameView.swift */,
				6611C9221EAAEA5C00A2E7C5 /* VictoryView.swift */,
				B685361D1E1C982700A401B6 /* RemainingPiecesView.swift */,
				6691894D1E9748240099A497 /* ResultsTable.swift */,
				B62426711E5124B200CEEF08 /* NextPieceView.swift */,
				6691895B1E9867BD0099A497 /* Boards.swift */,
				B674462A1E135E1D001A3529 /* EditGameView.swift */,
				B67446281E135762001A3529 /* BoardView.swift */,
				B67446101E0D1D5E001A3529 /* PieceView.swift */,
				B61C69331E74A97600E68150 /* Bank23-integration-lib-aws-my-sample-app-ios-swift */,
				B64CB4FC1E04A34C005A7781 /* Main.storyboard */,
				B64CB4FF1E04A34C005A7781 /* Assets.xcassets */,
				B64CB5011E04A34C005A7781 /* LaunchScreen.storyboard */,
				B64CB5041E04A34C005A7781 /* Info.plist */,
			);
			path = Bank23;
			sourceTree = "<group>";
		};
/* End PBXGroup section */

/* Begin PBXNativeTarget section */
		B64CB4F41E04A34C005A7781 /* Bank23 */ = {
			isa = PBXNativeTarget;
			buildConfigurationList = B64CB5071E04A34C005A7781 /* Build configuration list for PBXNativeTarget "Bank23" */;
			buildPhases = (
				B64CB4F11E04A34C005A7781 /* Sources */,
				B64CB4F21E04A34C005A7781 /* Frameworks */,
				B64CB4F31E04A34C005A7781 /* Resources */,
				B61C693B1E74AA6F00E68150 /* Embed Frameworks */,
				B61C693C1E74AAB900E68150 /* ShellScript */,
			);
			buildRules = (
			);
			dependencies = (
			);
			name = Bank23;
			productName = Bank23;
			productReference = B64CB4F51E04A34C005A7781 /* Bank23.app */;
			productType = "com.apple.product-type.application";
		};
/* End PBXNativeTarget section */

/* Begin PBXProject section */
		B64CB4ED1E04A34C005A7781 /* Project object */ = {
			isa = PBXProject;
			attributes = {
				LastSwiftUpdateCheck = 0810;
				LastUpgradeCheck = 0830;
				ORGANIZATIONNAME = "Ian Vonseggern";
				TargetAttributes = {
					B64CB4F41E04A34C005A7781 = {
						CreatedOnToolsVersion = 8.1;
						DevelopmentTeam = SR5TW3X3HQ;
						ProvisioningStyle = Automatic;
					};
				};
			};
			buildConfigurationList = B64CB4F01E04A34C005A7781 /* Build configuration list for PBXProject "Bank23" */;
			compatibilityVersion = "Xcode 3.2";
			developmentRegion = English;
			hasScannedForEncodings = 0;
			knownRegions = (
				en,
				Base,
			);
			mainGroup = B64CB4EC1E04A34C005A7781;
			productRefGroup = B64CB4F61E04A34C005A7781 /* Products */;
			projectDirPath = "";
			projectRoot = "";
			targets = (
				B64CB4F41E04A34C005A7781 /* Bank23 */,
			);
		};
/* End PBXProject section */

/* Begin PBXResourcesBuildPhase section */
		B64CB4F31E04A34C005A7781 /* Resources */ = {
			isa = PBXResourcesBuildPhase;
			buildActionMask = 2147483647;
			files = (
				B61C692E1E71FD5600E68150 /* Mountains.png in Resources */,
				669189351E9585B50099A497 /* Sandcastle.png in Resources */,
				B61C69301E71FD5E00E68150 /* Sandcastle 01.png in Resources */,
				B6517A841E5101D900EB9879 /* bank-icon-180.png in Resources */,
				B66C186A1E70843500CD0498 /* menu-icon25.png in Resources */,
				B61F478D1E6E5F6E00A48CA4 /* Coin Icon 01.png in Resources */,
				669189581E9855480099A497 /* cross.png in Resources */,
				669189371E959AB50099A497 /* Mountains 01.png in Resources */,
				669189391E95DD150099A497 /* Sandcastle 02.png in Resources */,
				B61F47891E6B8D2000A48CA4 /* AppIcon.appiconset in Resources */,
				669189541E9853440099A497 /* sandcastle 03.png in Resources */,
				B64CB5031E04A34C005A7781 /* LaunchScreen.storyboard in Resources */,
				669189331E957ACB0099A497 /* refresh.png in Resources */,
				B61F47911E6E5F8100A48CA4 /* Piggy Bank 01.png in Resources */,
				B64CB5001E04A34C005A7781 /* Assets.xcassets in Resources */,
				B66C18681E6FCA2500CD0498 /* mountain2.png in Resources */,
				B66C18661E6FC8EF00CD0498 /* mountain.png in Resources */,
				B61C694A1E74B45B00E68150 /* Models in Resources */,
				B6517A821E5101CE00EB9879 /* bank-icon-120.png in Resources */,
				6611C9251EAFA04200A2E7C5 /* checkmark.png in Resources */,
				B64CB4FE1E04A34C005A7781 /* Main.storyboard in Resources */,
				B61F478F1E6E5F7C00A48CA4 /* Water.png in Resources */,
			);
			runOnlyForDeploymentPostprocessing = 0;
		};
/* End PBXResourcesBuildPhase section */

/* Begin PBXShellScriptBuildPhase section */
		B61C693C1E74AAB900E68150 /* ShellScript */ = {
			isa = PBXShellScriptBuildPhase;
			buildActionMask = 2147483647;
			files = (
			);
			inputPaths = (
			);
			outputPaths = (
			);
			runOnlyForDeploymentPostprocessing = 0;
			shellPath = /bin/sh;
			shellScript = "bash \"${BUILT_PRODUCTS_DIR}/${FRAMEWORKS_FOLDER_PATH}/AWSCore.framework/strip-frameworks.sh\"";
		};
/* End PBXShellScriptBuildPhase section */

/* Begin PBXSourcesBuildPhase section */
		B64CB4F11E04A34C005A7781 /* Sources */ = {
			isa = PBXSourcesBuildPhase;
			buildActionMask = 2147483647;
			files = (
				669189501E9816810099A497 /* UserController.swift in Sources */,
				B64CB4FB1E04A34C005A7781 /* ViewController.swift in Sources */,
				B64CB4F91E04A34C005A7781 /* AppDelegate.swift in Sources */,
				6611C9231EAAEA5D00A2E7C5 /* VictoryView.swift in Sources */,
				669189461E96EFA70099A497 /* ResultController.swift in Sources */,
				B64CB50D1E04B7EC005A7781 /* Board.swift in Sources */,
				B67446111E0D1D5E001A3529 /* PieceView.swift in Sources */,
				B67446271E11F0D9001A3529 /* LevelMenuController.swift in Sources */,
				66B5F0081E82DBE000F96770 /* GameModel.swift in Sources */,
				B67446291E135762001A3529 /* BoardView.swift in Sources */,
				6691895C1E9867BD0099A497 /* Boards.swift in Sources */,
				B64CB50B1E04A634005A7781 /* Piece.swift in Sources */,
				B674462B1E135E1D001A3529 /* EditGameView.swift in Sources */,
				B674462D1E145133001A3529 /* EditGameViewController.swift in Sources */,
				B61C69461E74B44F00E68150 /* AWSMobileClient.swift in Sources */,
				1ED40AD41E81A18500E62E1B /* LevelNetworker.swift in Sources */,
				B674460F1E0D1CB0001A3529 /* GameView.swift in Sources */,
				B62426721E5124B200CEEF08 /* NextPieceView.swift in Sources */,
				B685361E1E1C982700A401B6 /* RemainingPiecesView.swift in Sources */,
				6691894E1E9748240099A497 /* ResultsTable.swift in Sources */,
			);
			runOnlyForDeploymentPostprocessing = 0;
		};
/* End PBXSourcesBuildPhase section */

/* Begin PBXVariantGroup section */
		B64CB4FC1E04A34C005A7781 /* Main.storyboard */ = {
			isa = PBXVariantGroup;
			children = (
				B64CB4FD1E04A34C005A7781 /* Base */,
			);
			name = Main.storyboard;
			sourceTree = "<group>";
		};
		B64CB5011E04A34C005A7781 /* LaunchScreen.storyboard */ = {
			isa = PBXVariantGroup;
			children = (
				B64CB5021E04A34C005A7781 /* Base */,
			);
			name = LaunchScreen.storyboard;
			sourceTree = "<group>";
		};
/* End PBXVariantGroup section */

/* Begin XCBuildConfiguration section */
		B64CB5051E04A34C005A7781 /* Debug */ = {
			isa = XCBuildConfiguration;
			buildSettings = {
				ALWAYS_SEARCH_USER_PATHS = NO;
				CLANG_ANALYZER_NONNULL = YES;
				CLANG_CXX_LANGUAGE_STANDARD = "gnu++0x";
				CLANG_CXX_LIBRARY = "libc++";
				CLANG_ENABLE_MODULES = YES;
				CLANG_ENABLE_OBJC_ARC = YES;
				CLANG_WARN_BOOL_CONVERSION = YES;
				CLANG_WARN_CONSTANT_CONVERSION = YES;
				CLANG_WARN_DIRECT_OBJC_ISA_USAGE = YES_ERROR;
				CLANG_WARN_DOCUMENTATION_COMMENTS = YES;
				CLANG_WARN_EMPTY_BODY = YES;
				CLANG_WARN_ENUM_CONVERSION = YES;
				CLANG_WARN_INFINITE_RECURSION = YES;
				CLANG_WARN_INT_CONVERSION = YES;
				CLANG_WARN_OBJC_ROOT_CLASS = YES_ERROR;
				CLANG_WARN_SUSPICIOUS_MOVE = YES;
				CLANG_WARN_SUSPICIOUS_MOVES = YES;
				CLANG_WARN_UNREACHABLE_CODE = YES;
				CLANG_WARN__DUPLICATE_METHOD_MATCH = YES;
				"CODE_SIGN_IDENTITY[sdk=iphoneos*]" = "iPhone Developer";
				COPY_PHASE_STRIP = NO;
				DEBUG_INFORMATION_FORMAT = dwarf;
				ENABLE_STRICT_OBJC_MSGSEND = YES;
				ENABLE_TESTABILITY = YES;
				GCC_C_LANGUAGE_STANDARD = gnu99;
				GCC_DYNAMIC_NO_PIC = NO;
				GCC_NO_COMMON_BLOCKS = YES;
				GCC_OPTIMIZATION_LEVEL = 0;
				GCC_PREPROCESSOR_DEFINITIONS = (
					"DEBUG=1",
					"$(inherited)",
				);
				GCC_WARN_64_TO_32_BIT_CONVERSION = YES;
				GCC_WARN_ABOUT_RETURN_TYPE = YES_ERROR;
				GCC_WARN_UNDECLARED_SELECTOR = YES;
				GCC_WARN_UNINITIALIZED_AUTOS = YES_AGGRESSIVE;
				GCC_WARN_UNUSED_FUNCTION = YES;
				GCC_WARN_UNUSED_VARIABLE = YES;
				IPHONEOS_DEPLOYMENT_TARGET = 10.1;
				MTL_ENABLE_DEBUG_INFO = YES;
				ONLY_ACTIVE_ARCH = YES;
				SDKROOT = iphoneos;
				SWIFT_ACTIVE_COMPILATION_CONDITIONS = DEBUG;
				SWIFT_OPTIMIZATION_LEVEL = "-Onone";
				TARGETED_DEVICE_FAMILY = "1,2";
			};
			name = Debug;
		};
		B64CB5061E04A34C005A7781 /* Release */ = {
			isa = XCBuildConfiguration;
			buildSettings = {
				ALWAYS_SEARCH_USER_PATHS = NO;
				CLANG_ANALYZER_NONNULL = YES;
				CLANG_CXX_LANGUAGE_STANDARD = "gnu++0x";
				CLANG_CXX_LIBRARY = "libc++";
				CLANG_ENABLE_MODULES = YES;
				CLANG_ENABLE_OBJC_ARC = YES;
				CLANG_WARN_BOOL_CONVERSION = YES;
				CLANG_WARN_CONSTANT_CONVERSION = YES;
				CLANG_WARN_DIRECT_OBJC_ISA_USAGE = YES_ERROR;
				CLANG_WARN_DOCUMENTATION_COMMENTS = YES;
				CLANG_WARN_EMPTY_BODY = YES;
				CLANG_WARN_ENUM_CONVERSION = YES;
				CLANG_WARN_INFINITE_RECURSION = YES;
				CLANG_WARN_INT_CONVERSION = YES;
				CLANG_WARN_OBJC_ROOT_CLASS = YES_ERROR;
				CLANG_WARN_SUSPICIOUS_MOVE = YES;
				CLANG_WARN_SUSPICIOUS_MOVES = YES;
				CLANG_WARN_UNREACHABLE_CODE = YES;
				CLANG_WARN__DUPLICATE_METHOD_MATCH = YES;
				"CODE_SIGN_IDENTITY[sdk=iphoneos*]" = "iPhone Developer";
				COPY_PHASE_STRIP = NO;
				DEBUG_INFORMATION_FORMAT = "dwarf-with-dsym";
				ENABLE_NS_ASSERTIONS = NO;
				ENABLE_STRICT_OBJC_MSGSEND = YES;
				GCC_C_LANGUAGE_STANDARD = gnu99;
				GCC_NO_COMMON_BLOCKS = YES;
				GCC_WARN_64_TO_32_BIT_CONVERSION = YES;
				GCC_WARN_ABOUT_RETURN_TYPE = YES_ERROR;
				GCC_WARN_UNDECLARED_SELECTOR = YES;
				GCC_WARN_UNINITIALIZED_AUTOS = YES_AGGRESSIVE;
				GCC_WARN_UNUSED_FUNCTION = YES;
				GCC_WARN_UNUSED_VARIABLE = YES;
				IPHONEOS_DEPLOYMENT_TARGET = 10.1;
				MTL_ENABLE_DEBUG_INFO = NO;
				SDKROOT = iphoneos;
				SWIFT_OPTIMIZATION_LEVEL = "-Owholemodule";
				TARGETED_DEVICE_FAMILY = "1,2";
				VALIDATE_PRODUCT = YES;
			};
			name = Release;
		};
		B64CB5081E04A34C005A7781 /* Debug */ = {
			isa = XCBuildConfiguration;
			buildSettings = {
				ASSETCATALOG_COMPILER_APPICON_NAME = AppIcon;
				DEVELOPMENT_TEAM = SR5TW3X3HQ;
				FRAMEWORK_SEARCH_PATHS = (
					"$(inherited)",
					"$(PROJECT_DIR)/Bank23-integration-lib-aws-my-sample-app-ios-swift/Sdk/Aws",
					"$(PROJECT_DIR)/Bank23-integration-lib-aws-my-sample-app-ios-swift/AmazonAws",
					"$(PROJECT_DIR)/Bank23",
				);
				INFOPLIST_FILE = Bank23/Info.plist;
				LD_RUNPATH_SEARCH_PATHS = "$(inherited) @executable_path/Frameworks";
				PRODUCT_BUNDLE_IDENTIFIER = ian.games.Bank232;
				PRODUCT_NAME = "$(TARGET_NAME)";
				SWIFT_VERSION = 3.0;
			};
			name = Debug;
		};
		B64CB5091E04A34C005A7781 /* Release */ = {
			isa = XCBuildConfiguration;
			buildSettings = {
				ASSETCATALOG_COMPILER_APPICON_NAME = AppIcon;
				DEVELOPMENT_TEAM = SR5TW3X3HQ;
				FRAMEWORK_SEARCH_PATHS = (
					"$(inherited)",
					"$(PROJECT_DIR)/Bank23-integration-lib-aws-my-sample-app-ios-swift/Sdk/Aws",
					"$(PROJECT_DIR)/Bank23-integration-lib-aws-my-sample-app-ios-swift/AmazonAws",
					"$(PROJECT_DIR)/Bank23",
				);
				INFOPLIST_FILE = Bank23/Info.plist;
				LD_RUNPATH_SEARCH_PATHS = "$(inherited) @executable_path/Frameworks";
				PRODUCT_BUNDLE_IDENTIFIER = ian.games.Bank232;
				PRODUCT_NAME = "$(TARGET_NAME)";
				SWIFT_VERSION = 3.0;
			};
			name = Release;
		};
/* End XCBuildConfiguration section */

/* Begin XCConfigurationList section */
		B64CB4F01E04A34C005A7781 /* Build configuration list for PBXProject "Bank23" */ = {
			isa = XCConfigurationList;
			buildConfigurations = (
				B64CB5051E04A34C005A7781 /* Debug */,
				B64CB5061E04A34C005A7781 /* Release */,
			);
			defaultConfigurationIsVisible = 0;
			defaultConfigurationName = Release;
		};
		B64CB5071E04A34C005A7781 /* Build configuration list for PBXNativeTarget "Bank23" */ = {
			isa = XCConfigurationList;
			buildConfigurations = (
				B64CB5081E04A34C005A7781 /* Debug */,
				B64CB5091E04A34C005A7781 /* Release */,
			);
			defaultConfigurationIsVisible = 0;
			defaultConfigurationName = Release;
		};
/* End XCConfigurationList section */
	};
	rootObject = B64CB4ED1E04A34C005A7781 /* Project object */;
}
